// !$*UTF8*$!
{
	archiveVersion = 1;
	classes = {
	};
	objectVersion = 48;
	objects = {

/* Begin PBXBuildFile section */
		82F9ADAF1F7AAD2D00D920BC /* AppDelegate.swift in Sources */ = {isa = PBXBuildFile; fileRef = 82F9ADAE1F7AAD2D00D920BC /* AppDelegate.swift */; };
		82F9ADB11F7AAD2D00D920BC /* ViewController.swift in Sources */ = {isa = PBXBuildFile; fileRef = 82F9ADB01F7AAD2D00D920BC /* ViewController.swift */; };
		82F9ADB41F7AAD2D00D920BC /* Main.storyboard in Resources */ = {isa = PBXBuildFile; fileRef = 82F9ADB21F7AAD2D00D920BC /* Main.storyboard */; };
		82F9ADB61F7AAD2D00D920BC /* Assets.xcassets in Resources */ = {isa = PBXBuildFile; fileRef = 82F9ADB51F7AAD2D00D920BC /* Assets.xcassets */; };
		82F9ADB91F7AAD2D00D920BC /* LaunchScreen.storyboard in Resources */ = {isa = PBXBuildFile; fileRef = 82F9ADB71F7AAD2D00D920BC /* LaunchScreen.storyboard */; };
		82F9ADC11F7AB9D900D920BC /* tebleViewCell.swift in Sources */ = {isa = PBXBuildFile; fileRef = 82F9ADC01F7AB9D900D920BC /* tebleViewCell.swift */; };
		82F9ADC31F7ABA8500D920BC /* listLabel.swift in Sources */ = {isa = PBXBuildFile; fileRef = 82F9ADC21F7ABA8500D920BC /* listLabel.swift */; };
/* End PBXBuildFile section */

/* Begin PBXFileReference section */
		82F9ADAB1F7AAD2D00D920BC /* WaitLESS_Xcode.app */ = {isa = PBXFileReference; explicitFileType = wrapper.application; includeInIndex = 0; path = WaitLESS_Xcode.app; sourceTree = BUILT_PRODUCTS_DIR; };
		82F9ADAE1F7AAD2D00D920BC /* AppDelegate.swift */ = {isa = PBXFileReference; lastKnownFileType = sourcecode.swift; path = AppDelegate.swift; sourceTree = "<group>"; };
		82F9ADB01F7AAD2D00D920BC /* ViewController.swift */ = {isa = PBXFileReference; lastKnownFileType = sourcecode.swift; path = ViewController.swift; sourceTree = "<group>"; };
		82F9ADB31F7AAD2D00D920BC /* Base */ = {isa = PBXFileReference; lastKnownFileType = file.storyboard; name = Base; path = Base.lproj/Main.storyboard; sourceTree = "<group>"; };
		82F9ADB51F7AAD2D00D920BC /* Assets.xcassets */ = {isa = PBXFileReference; lastKnownFileType = folder.assetcatalog; path = Assets.xcassets; sourceTree = "<group>"; };
		82F9ADB81F7AAD2D00D920BC /* Base */ = {isa = PBXFileReference; lastKnownFileType = file.storyboard; name = Base; path = Base.lproj/LaunchScreen.storyboard; sourceTree = "<group>"; };
		82F9ADBA1F7AAD2D00D920BC /* Info.plist */ = {isa = PBXFileReference; lastKnownFileType = text.plist.xml; path = Info.plist; sourceTree = "<group>"; };
		82F9ADC01F7AB9D900D920BC /* tebleViewCell.swift */ = {isa = PBXFileReference; lastKnownFileType = sourcecode.swift; path = tebleViewCell.swift; sourceTree = "<group>"; };
		82F9ADC21F7ABA8500D920BC /* listLabel.swift */ = {isa = PBXFileReference; lastKnownFileType = sourcecode.swift; path = listLabel.swift; sourceTree = "<group>"; };
/* End PBXFileReference section */

/* Begin PBXFrameworksBuildPhase section */
		82F9ADA81F7AAD2D00D920BC /* Frameworks */ = {
			isa = PBXFrameworksBuildPhase;
			buildActionMask = 2147483647;
			files = (
			);
			runOnlyForDeploymentPostprocessing = 0;
		};
/* End PBXFrameworksBuildPhase section */

/* Begin PBXGroup section */
		82F9ADA21F7AAD2D00D920BC = {
			isa = PBXGroup;
			children = (
				82F9ADAD1F7AAD2D00D920BC /* WaitLESS_Xcode */,
				82F9ADAC1F7AAD2D00D920BC /* Products */,
			);
			sourceTree = "<group>";
		};
		82F9ADAC1F7AAD2D00D920BC /* Products */ = {
			isa = PBXGroup;
			children = (
				82F9ADAB1F7AAD2D00D920BC /* WaitLESS_Xcode.app */,
			);
			name = Products;
			sourceTree = "<group>";
		};
		82F9ADAD1F7AAD2D00D920BC /* WaitLESS_Xcode */ = {
			isa = PBXGroup;
			children = (
				82F9ADAE1F7AAD2D00D920BC /* AppDelegate.swift */,
				82F9ADB01F7AAD2D00D920BC /* ViewController.swift */,
				82F9ADB21F7AAD2D00D920BC /* Main.storyboard */,
				82F9ADC01F7AB9D900D920BC /* tebleViewCell.swift */,
				82F9ADC21F7ABA8500D920BC /* listLabel.swift */,
				82F9ADB51F7AAD2D00D920BC /* Assets.xcassets */,
				82F9ADB71F7AAD2D00D920BC /* LaunchScreen.storyboard */,
				82F9ADBA1F7AAD2D00D920BC /* Info.plist */,
			);
			path = WaitLESS_Xcode;
			sourceTree = "<group>";
		};
/* End PBXGroup section */

/* Begin PBXNativeTarget section */
		82F9ADAA1F7AAD2D00D920BC /* WaitLESS_Xcode */ = {
			isa = PBXNativeTarget;
			buildConfigurationList = 82F9ADBD1F7AAD2D00D920BC /* Build configuration list for PBXNativeTarget "WaitLESS_Xcode" */;
			buildPhases = (
				82F9ADA71F7AAD2D00D920BC /* Sources */,
				82F9ADA81F7AAD2D00D920BC /* Frameworks */,
				82F9ADA91F7AAD2D00D920BC /* Resources */,
			);
			buildRules = (
			);
			dependencies = (
			);
			name = WaitLESS_Xcode;
			productName = WaitLESS_Xcode;
			productReference = 82F9ADAB1F7AAD2D00D920BC /* WaitLESS_Xcode.app */;
			productType = "com.apple.product-type.application";
		};
/* End PBXNativeTarget section */

/* Begin PBXProject section */
		82F9ADA31F7AAD2D00D920BC /* Project object */ = {
			isa = PBXProject;
			attributes = {
				LastSwiftUpdateCheck = 0900;
				LastUpgradeCheck = 0900;
				ORGANIZATIONNAME = PeedeeThePro;
				TargetAttributes = {
					82F9ADAA1F7AAD2D00D920BC = {
						CreatedOnToolsVersion = 9.0;
						ProvisioningStyle = Automatic;
					};
				};
			};
			buildConfigurationList = 82F9ADA61F7AAD2D00D920BC /* Build configuration list for PBXProject "WaitLESS_Xcode" */;
			compatibilityVersion = "Xcode 8.0";
			developmentRegion = en;
			hasScannedForEncodings = 0;
			knownRegions = (
				en,
				Base,
			);
			mainGroup = 82F9ADA21F7AAD2D00D920BC;
			productRefGroup = 82F9ADAC1F7AAD2D00D920BC /* Products */;
			projectDirPath = "";
			projectRoot = "";
			targets = (
				82F9ADAA1F7AAD2D00D920BC /* WaitLESS_Xcode */,
			);
		};
/* End PBXProject section */

/* Begin PBXResourcesBuildPhase section */
		82F9ADA91F7AAD2D00D920BC /* Resources */ = {
			isa = PBXResourcesBuildPhase;
			buildActionMask = 2147483647;
			files = (
				82F9ADB91F7AAD2D00D920BC /* LaunchScreen.storyboard in Resources */,
				82F9ADB61F7AAD2D00D920BC /* Assets.xcassets in Resources */,
				82F9ADB41F7AAD2D00D920BC /* Main.storyboard in Resources */,
			);
			runOnlyForDeploymentPostprocessing = 0;
		};
/* End PBXResourcesBuildPhase section */

/* Begin PBXSourcesBuildPhase section */
		82F9ADA71F7AAD2D00D920BC /* Sources */ = {
			isa = PBXSourcesBuildPhase;
			buildActionMask = 2147483647;
			files = (
				82F9ADC11F7AB9D900D920BC /* tebleViewCell.swift in Sources */,
				82F9ADB11F7AAD2D00D920BC /* ViewController.swift in Sources */,
				82F9ADC31F7ABA8500D920BC /* listLabel.swift in Sources */,
				82F9ADAF1F7AAD2D00D920BC /* AppDelegate.swift in Sources */,
			);
			runOnlyForDeploymentPostprocessing = 0;
		};
/* End PBXSourcesBuildPhase section */

/* Begin PBXVariantGroup section */
		82F9ADB21F7AAD2D00D920BC /* Main.storyboard */ = {
			isa = PBXVariantGroup;
			children = (
				82F9ADB31F7AAD2D00D920BC /* Base */,
			);
			name = Main.storyboard;
			sourceTree = "<group>";
		};
		82F9ADB71F7AAD2D00D920BC /* LaunchScreen.storyboard */ = {
			isa = PBXVariantGroup;
			children = (
				82F9ADB81F7AAD2D00D920BC /* Base */,
			);
			name = LaunchScreen.storyboard;
			sourceTree = "<group>";
		};
/* End PBXVariantGroup section */

/* Begin XCBuildConfiguration section */
		82F9ADBB1F7AAD2D00D920BC /* Debug */ = {
			isa = XCBuildConfiguration;
			buildSettings = {
				ALWAYS_SEARCH_USER_PATHS = NO;
				CLANG_ANALYZER_NONNULL = YES;
				CLANG_ANALYZER_NUMBER_OBJECT_CONVERSION = YES_AGGRESSIVE;
				CLANG_CXX_LANGUAGE_STANDARD = "gnu++14";
				CLANG_CXX_LIBRARY = "libc++";
				CLANG_ENABLE_MODULES = YES;
				CLANG_ENABLE_OBJC_ARC = YES;
				CLANG_WARN_BLOCK_CAPTURE_AUTORELEASING = YES;
				CLANG_WARN_BOOL_CONVERSION = YES;
				CLANG_WARN_COMMA = YES;
				CLANG_WARN_CONSTANT_CONVERSION = YES;
				CLANG_WARN_DIRECT_OBJC_ISA_USAGE = YES_ERROR;
				CLANG_WARN_DOCUMENTATION_COMMENTS = YES;
				CLANG_WARN_EMPTY_BODY = YES;
				CLANG_WARN_ENUM_CONVERSION = YES;
				CLANG_WARN_INFINITE_RECURSION = YES;
				CLANG_WARN_INT_CONVERSION = YES;
				CLANG_WARN_NON_LITERAL_NULL_CONVERSION = YES;
				CLANG_WARN_OBJC_LITERAL_CONVERSION = YES;
				CLANG_WARN_OBJC_ROOT_CLASS = YES_ERROR;
				CLANG_WARN_RANGE_LOOP_ANALYSIS = YES;
				CLANG_WARN_STRICT_PROTOTYPES = YES;
				CLANG_WARN_SUSPICIOUS_MOVE = YES;
				CLANG_WARN_UNGUARDED_AVAILABILITY = YES_AGGRESSIVE;
				CLANG_WARN_UNREACHABLE_CODE = YES;
				CLANG_WARN__DUPLICATE_METHOD_MATCH = YES;
				CODE_SIGN_IDENTITY = "iPhone Developer";
				COPY_PHASE_STRIP = NO;
				DEBUG_INFORMATION_FORMAT = dwarf;
				ENABLE_STRICT_OBJC_MSGSEND = YES;
				ENABLE_TESTABILITY = YES;
				GCC_C_LANGUAGE_STANDARD = gnu11;
				GCC_DYNAMIC_NO_PIC = NO;
				GCC_NO_COMMON_BLOCKS = YES;
				GCC_OPTIMIZATION_LEVEL = 0;
				GCC_PREPROCESSOR_DEFINITIONS = (
					"DEBUG=1",
					"$(inherited)",
				);
				GCC_WARN_64_TO_32_BIT_CONVERSION = YES;
				GCC_WARN_ABOUT_RETURN_TYPE = YES_ERROR;
				GCC_WARN_UNDECLARED_SELECTOR = YES;
				GCC_WARN_UNINITIALIZED_AUTOS = YES_AGGRESSIVE;
				GCC_WARN_UNUSED_FUNCTION = YES;
				GCC_WARN_UNUSED_VARIABLE = YES;
				IPHONEOS_DEPLOYMENT_TARGET = 11.0;
				MTL_ENABLE_DEBUG_INFO = YES;
				ONLY_ACTIVE_ARCH = YES;
				SDKROOT = iphoneos;
				SWIFT_ACTIVE_COMPILATION_CONDITIONS = DEBUG;
				SWIFT_OPTIMIZATION_LEVEL = "-Onone";
			};
			name = Debug;
		};
		82F9ADBC1F7AAD2D00D920BC /* Release */ = {
			isa = XCBuildConfiguration;
			buildSettings = {
				ALWAYS_SEARCH_USER_PATHS = NO;
				CLANG_ANALYZER_NONNULL = YES;
				CLANG_ANALYZER_NUMBER_OBJECT_CONVERSION = YES_AGGRESSIVE;
				CLANG_CXX_LANGUAGE_STANDARD = "gnu++14";
				CLANG_CXX_LIBRARY = "libc++";
				CLANG_ENABLE_MODULES = YES;
				CLANG_ENABLE_OBJC_ARC = YES;
				CLANG_WARN_BLOCK_CAPTURE_AUTORELEASING = YES;
				CLANG_WARN_BOOL_CONVERSION = YES;
				CLANG_WARN_COMMA = YES;
				CLANG_WARN_CONSTANT_CONVERSION = YES;
				CLANG_WARN_DIRECT_OBJC_ISA_USAGE = YES_ERROR;
				CLANG_WARN_DOCUMENTATION_COMMENTS = YES;
				CLANG_WARN_EMPTY_BODY = YES;
				CLANG_WARN_ENUM_CONVERSION = YES;
				CLANG_WARN_INFINITE_RECURSION = YES;
				CLANG_WARN_INT_CONVERSION = YES;
				CLANG_WARN_NON_LITERAL_NULL_CONVERSION = YES;
				CLANG_WARN_OBJC_LITERAL_CONVERSION = YES;
				CLANG_WARN_OBJC_ROOT_CLASS = YES_ERROR;
				CLANG_WARN_RANGE_LOOP_ANALYSIS = YES;
				CLANG_WARN_STRICT_PROTOTYPES = YES;
				CLANG_WARN_SUSPICIOUS_MOVE = YES;
				CLANG_WARN_UNGUARDED_AVAILABILITY = YES_AGGRESSIVE;
				CLANG_WARN_UNREACHABLE_CODE = YES;
				CLANG_WARN__DUPLICATE_METHOD_MATCH = YES;
				CODE_SIGN_IDENTITY = "iPhone Developer";
				COPY_PHASE_STRIP = NO;
				DEBUG_INFORMATION_FORMAT = "dwarf-with-dsym";
				ENABLE_NS_ASSERTIONS = NO;
				ENABLE_STRICT_OBJC_MSGSEND = YES;
				GCC_C_LANGUAGE_STANDARD = gnu11;
				GCC_NO_COMMON_BLOCKS = YES;
				GCC_WARN_64_TO_32_BIT_CONVERSION = YES;
				GCC_WARN_ABOUT_RETURN_TYPE = YES_ERROR;
				GCC_WARN_UNDECLARED_SELECTOR = YES;
				GCC_WARN_UNINITIALIZED_AUTOS = YES_AGGRESSIVE;
				GCC_WARN_UNUSED_FUNCTION = YES;
				GCC_WARN_UNUSED_VARIABLE = YES;
				IPHONEOS_DEPLOYMENT_TARGET = 11.0;
				MTL_ENABLE_DEBUG_INFO = NO;
				SDKROOT = iphoneos;
				SWIFT_OPTIMIZATION_LEVEL = "-Owholemodule";
				VALIDATE_PRODUCT = YES;
			};
			name = Release;
		};
		82F9ADBE1F7AAD2D00D920BC /* Debug */ = {
			isa = XCBuildConfiguration;
			buildSettings = {
				ASSETCATALOG_COMPILER_APPICON_NAME = AppIcon;
				CODE_SIGN_STYLE = Automatic;
				DEVELOPMENT_TEAM = 4QA6MH6558;
				INFOPLIST_FILE = WaitLESS_Xcode/Info.plist;
				LD_RUNPATH_SEARCH_PATHS = "$(inherited) @executable_path/Frameworks";
				PRODUCT_BUNDLE_IDENTIFIER = "com.PeedeeThePro.WaitLESS-Xcode";
				PRODUCT_NAME = "$(TARGET_NAME)";
				SWIFT_VERSION = 4.0;
				TARGETED_DEVICE_FAMILY = "1,2";
			};
			name = Debug;
		};
		82F9ADBF1F7AAD2D00D920BC /* Release */ = {
			isa = XCBuildConfiguration;
			buildSettings = {
				ASSETCATALOG_COMPILER_APPICON_NAME = AppIcon;
				CODE_SIGN_STYLE = Automatic;
				DEVELOPMENT_TEAM = 4QA6MH6558;
				INFOPLIST_FILE = WaitLESS_Xcode/Info.plist;
				LD_RUNPATH_SEARCH_PATHS = "$(inherited) @executable_path/Frameworks";
				PRODUCT_BUNDLE_IDENTIFIER = "com.PeedeeThePro.WaitLESS-Xcode";
				PRODUCT_NAME = "$(TARGET_NAME)";
				SWIFT_VERSION = 4.0;
				TARGETED_DEVICE_FAMILY = "1,2";
			};
			name = Release;
		};
/* End XCBuildConfiguration section */

/* Begin XCConfigurationList section */
		82F9ADA61F7AAD2D00D920BC /* Build configuration list for PBXProject "WaitLESS_Xcode" */ = {
			isa = XCConfigurationList;
			buildConfigurations = (
				82F9ADBB1F7AAD2D00D920BC /* Debug */,
				82F9ADBC1F7AAD2D00D920BC /* Release */,
			);
			defaultConfigurationIsVisible = 0;
			defaultConfigurationName = Release;
		};
		82F9ADBD1F7AAD2D00D920BC /* Build configuration list for PBXNativeTarget "WaitLESS_Xcode" */ = {
			isa = XCConfigurationList;
			buildConfigurations = (
				82F9ADBE1F7AAD2D00D920BC /* Debug */,
				82F9ADBF1F7AAD2D00D920BC /* Release */,
			);
			defaultConfigurationIsVisible = 0;
			defaultConfigurationName = Release;
		};
/* End XCConfigurationList section */
	};
	rootObject = 82F9ADA31F7AAD2D00D920BC /* Project object */;
}
